
Microsoft Visual Studio Solution File, Format Version 12.00
# Visual Studio Version 17
VisualStudioVersion = 17.5.002.0
MinimumVisualStudioVersion = 10.0.40219.1
Project("{9A19103F-16F7-4668-BE54-9A1E7A4F7556}") = "todo-api", "todo-api.csproj", "{CF0AEA05-6A60-4A2A-BC82-2D3941F0FC88}"
EndProject
Global
	GlobalSection(SolutionConfigurationPlatforms) = preSolution
		Debug|Any CPU = Debug|Any CPU
		Release|Any CPU = Release|Any CPU
	EndGlobalSection
	GlobalSection(ProjectConfigurationPlatforms) = postSolution
		{CF0AEA05-6A60-4A2A-BC82-2D3941F0FC88}.Debug|Any CPU.ActiveCfg = Debug|Any CPU
		{CF0AEA05-6A60-4A2A-BC82-2D3941F0FC88}.Debug|Any CPU.Build.0 = Debug|Any CPU
		{CF0AEA05-6A60-4A2A-BC82-2D3941F0FC88}.Release|Any CPU.ActiveCfg = Release|Any CPU
		{CF0AEA05-6A60-4A2A-BC82-2D3941F0FC88}.Release|Any CPU.Build.0 = Release|Any CPU
	EndGlobalSection
	GlobalSection(SolutionProperties) = preSolution
		HideSolutionNode = FALSE
	EndGlobalSection
	GlobalSection(ExtensibilityGlobals) = postSolution
		SolutionGuid = {E7587D6D-B938-4C1F-A14E-D6BF990473A3}
	EndGlobalSection
EndGlobal
